// !$*UTF8*$!
{
	archiveVersion = 1;
	classes = {
	};
	objectVersion = 55;
	objects = {

/* Begin PBXBuildFile section */
		F420176127697FCF0064FF86 /* WebView.swift in Sources */ = {isa = PBXBuildFile; fileRef = F420176027697FCF0064FF86 /* WebView.swift */; };
		F4201763276982030064FF86 /* Constants.swift in Sources */ = {isa = PBXBuildFile; fileRef = F4201762276982030064FF86 /* Constants.swift */; };
		F4201765276985A20064FF86 /* WebSearchView.swift in Sources */ = {isa = PBXBuildFile; fileRef = F4201764276985A20064FF86 /* WebSearchView.swift */; };
		F42D272427699B9200F139DB /* DetailedCategoryScrollableView.swift in Sources */ = {isa = PBXBuildFile; fileRef = F42D272327699B9200F139DB /* DetailedCategoryScrollableView.swift */; };
		F45200A1276674A000E9D5EA /* RestaurantModel.swift in Sources */ = {isa = PBXBuildFile; fileRef = F45200A0276674A000E9D5EA /* RestaurantModel.swift */; };
		F45200A327679CE000E9D5EA /* RestaurantBannerView.swift in Sources */ = {isa = PBXBuildFile; fileRef = F45200A227679CE000E9D5EA /* RestaurantBannerView.swift */; };
		F45200A62767A4F900E9D5EA /* UIScreenExtension.swift in Sources */ = {isa = PBXBuildFile; fileRef = F45200A52767A4F900E9D5EA /* UIScreenExtension.swift */; };
		F45200A82767AF4100E9D5EA /* CategoryView.swift in Sources */ = {isa = PBXBuildFile; fileRef = F45200A72767AF4100E9D5EA /* CategoryView.swift */; };
		F45200AA2767AF4F00E9D5EA /* SimpleFoodCell.swift in Sources */ = {isa = PBXBuildFile; fileRef = F45200A92767AF4F00E9D5EA /* SimpleFoodCell.swift */; };
		F45200AC27682B2900E9D5EA /* CategoryTitleView.swift in Sources */ = {isa = PBXBuildFile; fileRef = F45200AB27682B2900E9D5EA /* CategoryTitleView.swift */; };
		F45200AE27682C0C00E9D5EA /* GenericButtonWithLabelView.swift in Sources */ = {isa = PBXBuildFile; fileRef = F45200AD27682C0C00E9D5EA /* GenericButtonWithLabelView.swift */; };
		F45200B027683C8E00E9D5EA /* StationView.swift in Sources */ = {isa = PBXBuildFile; fileRef = F45200AF27683C8E00E9D5EA /* StationView.swift */; };
		F4766FD22716A1FB00E3AD87 /* ZotMeal_App.swift in Sources */ = {isa = PBXBuildFile; fileRef = F4766FD12716A1FB00E3AD87 /* ZotMeal_App.swift */; };
		F4766FD42716A1FB00E3AD87 /* MainView.swift in Sources */ = {isa = PBXBuildFile; fileRef = F4766FD32716A1FB00E3AD87 /* MainView.swift */; };
		F4766FD62716A1FE00E3AD87 /* Assets.xcassets in Resources */ = {isa = PBXBuildFile; fileRef = F4766FD52716A1FE00E3AD87 /* Assets.xcassets */; };
		F4766FD92716A1FE00E3AD87 /* Preview Assets.xcassets in Resources */ = {isa = PBXBuildFile; fileRef = F4766FD82716A1FE00E3AD87 /* Preview Assets.xcassets */; };
		F4946B592769D4D600D77292 /* anteatery_dummy_data copy.json in Resources */ = {isa = PBXBuildFile; fileRef = F4946B582769D4D500D77292 /* anteatery_dummy_data copy.json */; };
		F4946B5C2769E3EF00D77292 /* FailView.swift in Sources */ = {isa = PBXBuildFile; fileRef = F4946B5B2769E3EF00D77292 /* FailView.swift */; };
		F4ABC33427697455008A32ED /* DetailedCategoryView.swift in Sources */ = {isa = PBXBuildFile; fileRef = F4ABC33327697455008A32ED /* DetailedCategoryView.swift */; };
		F4ABC336276976B9008A32ED /* DetailedStationView.swift in Sources */ = {isa = PBXBuildFile; fileRef = F4ABC335276976B9008A32ED /* DetailedStationView.swift */; };
		F4B4E0C2271F462D0057833D /* Food.swift in Sources */ = {isa = PBXBuildFile; fileRef = F4B4E0C1271F462D0057833D /* Food.swift */; };
		F4B4E0C4271F475D0057833D /* Category.swift in Sources */ = {isa = PBXBuildFile; fileRef = F4B4E0C3271F475D0057833D /* Category.swift */; };
		F4B4E0C6271F49140057833D /* Station.swift in Sources */ = {isa = PBXBuildFile; fileRef = F4B4E0C5271F49140057833D /* Station.swift */; };
		F4B4E0C8271F4A5D0057833D /* Restaurant.swift in Sources */ = {isa = PBXBuildFile; fileRef = F4B4E0C7271F4A5D0057833D /* Restaurant.swift */; };
		F4B5001F2717DC99007F9DE0 /* brandy_dummy_data.json in Resources */ = {isa = PBXBuildFile; fileRef = F4B5001E2717DC99007F9DE0 /* brandy_dummy_data.json */; };
		F4B50021271815D4007F9DE0 /* LoadJSON.swift in Sources */ = {isa = PBXBuildFile; fileRef = F4B50020271815D4007F9DE0 /* LoadJSON.swift */; };
		F4BEBE35276929D90043C603 /* ExpandButtonView.swift in Sources */ = {isa = PBXBuildFile; fileRef = F4BEBE34276929D90043C603 /* ExpandButtonView.swift */; };
		F4BEBE3727693D850043C603 /* DetailedFoodCell.swift in Sources */ = {isa = PBXBuildFile; fileRef = F4BEBE3627693D850043C603 /* DetailedFoodCell.swift */; };
		F4BEBE39276958350043C603 /* GenericButtonWithoutLabel.swift in Sources */ = {isa = PBXBuildFile; fileRef = F4BEBE38276958350043C603 /* GenericButtonWithoutLabel.swift */; };
		F4BEBE3B276967550043C603 /* FoodSpecView.swift in Sources */ = {isa = PBXBuildFile; fileRef = F4BEBE3A276967550043C603 /* FoodSpecView.swift */; };
/* End PBXBuildFile section */

/* Begin PBXFileReference section */
		F420176027697FCF0064FF86 /* WebView.swift */ = {isa = PBXFileReference; lastKnownFileType = sourcecode.swift; path = WebView.swift; sourceTree = "<group>"; };
		F4201762276982030064FF86 /* Constants.swift */ = {isa = PBXFileReference; lastKnownFileType = sourcecode.swift; path = Constants.swift; sourceTree = "<group>"; };
		F4201764276985A20064FF86 /* WebSearchView.swift */ = {isa = PBXFileReference; lastKnownFileType = sourcecode.swift; path = WebSearchView.swift; sourceTree = "<group>"; };
		F42D272327699B9200F139DB /* DetailedCategoryScrollableView.swift */ = {isa = PBXFileReference; lastKnownFileType = sourcecode.swift; path = DetailedCategoryScrollableView.swift; sourceTree = "<group>"; };
		F45200A0276674A000E9D5EA /* RestaurantModel.swift */ = {isa = PBXFileReference; lastKnownFileType = sourcecode.swift; path = RestaurantModel.swift; sourceTree = "<group>"; };
		F45200A227679CE000E9D5EA /* RestaurantBannerView.swift */ = {isa = PBXFileReference; lastKnownFileType = sourcecode.swift; path = RestaurantBannerView.swift; sourceTree = "<group>"; };
		F45200A52767A4F900E9D5EA /* UIScreenExtension.swift */ = {isa = PBXFileReference; lastKnownFileType = sourcecode.swift; path = UIScreenExtension.swift; sourceTree = "<group>"; };
		F45200A72767AF4100E9D5EA /* CategoryView.swift */ = {isa = PBXFileReference; lastKnownFileType = sourcecode.swift; path = CategoryView.swift; sourceTree = "<group>"; };
		F45200A92767AF4F00E9D5EA /* SimpleFoodCell.swift */ = {isa = PBXFileReference; lastKnownFileType = sourcecode.swift; path = SimpleFoodCell.swift; sourceTree = "<group>"; };
		F45200AB27682B2900E9D5EA /* CategoryTitleView.swift */ = {isa = PBXFileReference; lastKnownFileType = sourcecode.swift; path = CategoryTitleView.swift; sourceTree = "<group>"; };
		F45200AD27682C0C00E9D5EA /* GenericButtonWithLabelView.swift */ = {isa = PBXFileReference; lastKnownFileType = sourcecode.swift; path = GenericButtonWithLabelView.swift; sourceTree = "<group>"; };
		F45200AF27683C8E00E9D5EA /* StationView.swift */ = {isa = PBXFileReference; lastKnownFileType = sourcecode.swift; path = StationView.swift; sourceTree = "<group>"; };
		F4766FCE2716A1FB00E3AD87 /* ZotMeal.app */ = {isa = PBXFileReference; explicitFileType = wrapper.application; includeInIndex = 0; path = ZotMeal.app; sourceTree = BUILT_PRODUCTS_DIR; };
		F4766FD12716A1FB00E3AD87 /* ZotMeal_App.swift */ = {isa = PBXFileReference; lastKnownFileType = sourcecode.swift; path = ZotMeal_App.swift; sourceTree = "<group>"; };
		F4766FD32716A1FB00E3AD87 /* MainView.swift */ = {isa = PBXFileReference; lastKnownFileType = sourcecode.swift; path = MainView.swift; sourceTree = "<group>"; };
		F4766FD52716A1FE00E3AD87 /* Assets.xcassets */ = {isa = PBXFileReference; lastKnownFileType = folder.assetcatalog; path = Assets.xcassets; sourceTree = "<group>"; };
		F4766FD82716A1FE00E3AD87 /* Preview Assets.xcassets */ = {isa = PBXFileReference; lastKnownFileType = folder.assetcatalog; path = "Preview Assets.xcassets"; sourceTree = "<group>"; };
		F4946B582769D4D500D77292 /* anteatery_dummy_data copy.json */ = {isa = PBXFileReference; fileEncoding = 4; lastKnownFileType = text.json; path = "anteatery_dummy_data copy.json"; sourceTree = "<group>"; };
		F4946B5B2769E3EF00D77292 /* FailView.swift */ = {isa = PBXFileReference; lastKnownFileType = sourcecode.swift; path = FailView.swift; sourceTree = "<group>"; };
		F4ABC33327697455008A32ED /* DetailedCategoryView.swift */ = {isa = PBXFileReference; lastKnownFileType = sourcecode.swift; path = DetailedCategoryView.swift; sourceTree = "<group>"; };
		F4ABC335276976B9008A32ED /* DetailedStationView.swift */ = {isa = PBXFileReference; lastKnownFileType = sourcecode.swift; path = DetailedStationView.swift; sourceTree = "<group>"; };
		F4B4E0C1271F462D0057833D /* Food.swift */ = {isa = PBXFileReference; lastKnownFileType = sourcecode.swift; path = Food.swift; sourceTree = "<group>"; };
		F4B4E0C3271F475D0057833D /* Category.swift */ = {isa = PBXFileReference; lastKnownFileType = sourcecode.swift; path = Category.swift; sourceTree = "<group>"; };
		F4B4E0C5271F49140057833D /* Station.swift */ = {isa = PBXFileReference; lastKnownFileType = sourcecode.swift; path = Station.swift; sourceTree = "<group>"; };
		F4B4E0C7271F4A5D0057833D /* Restaurant.swift */ = {isa = PBXFileReference; lastKnownFileType = sourcecode.swift; path = Restaurant.swift; sourceTree = "<group>"; };
		F4B5001C2717DC80007F9DE0 /* ZotMeal-Info.plist */ = {isa = PBXFileReference; lastKnownFileType = text.plist.xml; path = "ZotMeal-Info.plist"; sourceTree = SOURCE_ROOT; };
		F4B5001E2717DC99007F9DE0 /* brandy_dummy_data.json */ = {isa = PBXFileReference; fileEncoding = 4; lastKnownFileType = text.json; path = brandy_dummy_data.json; sourceTree = "<group>"; };
		F4B50020271815D4007F9DE0 /* LoadJSON.swift */ = {isa = PBXFileReference; lastKnownFileType = sourcecode.swift; path = LoadJSON.swift; sourceTree = "<group>"; };
		F4BEBE34276929D90043C603 /* ExpandButtonView.swift */ = {isa = PBXFileReference; lastKnownFileType = sourcecode.swift; path = ExpandButtonView.swift; sourceTree = "<group>"; };
		F4BEBE3627693D850043C603 /* DetailedFoodCell.swift */ = {isa = PBXFileReference; lastKnownFileType = sourcecode.swift; path = DetailedFoodCell.swift; sourceTree = "<group>"; };
		F4BEBE38276958350043C603 /* GenericButtonWithoutLabel.swift */ = {isa = PBXFileReference; lastKnownFileType = sourcecode.swift; path = GenericButtonWithoutLabel.swift; sourceTree = "<group>"; };
		F4BEBE3A276967550043C603 /* FoodSpecView.swift */ = {isa = PBXFileReference; lastKnownFileType = sourcecode.swift; path = FoodSpecView.swift; sourceTree = "<group>"; };
/* End PBXFileReference section */

/* Begin PBXFrameworksBuildPhase section */
		F4766FCB2716A1FB00E3AD87 /* Frameworks */ = {
			isa = PBXFrameworksBuildPhase;
			buildActionMask = 2147483647;
			files = (
			);
			runOnlyForDeploymentPostprocessing = 0;
		};
/* End PBXFrameworksBuildPhase section */

/* Begin PBXGroup section */
		F41E2AD727281EB2004DF007 /* View */ = {
			isa = PBXGroup;
			children = (
				F4766FD32716A1FB00E3AD87 /* MainView.swift */,
				F45200A227679CE000E9D5EA /* RestaurantBannerView.swift */,
				F45200AF27683C8E00E9D5EA /* StationView.swift */,
				F45200A72767AF4100E9D5EA /* CategoryView.swift */,
				F45200AB27682B2900E9D5EA /* CategoryTitleView.swift */,
				F45200A92767AF4F00E9D5EA /* SimpleFoodCell.swift */,
				F4BEBE3D276969000043C603 /* DetailedView */,
				F4BEBE3C276967610043C603 /* Buttons */,
				F4201764276985A20064FF86 /* WebSearchView.swift */,
				F4946B5A2769E3DD00D77292 /* FailView */,
			);
			path = View;
			sourceTree = "<group>";
		};
		F420175F27697FB70064FF86 /* UIViewConversion */ = {
			isa = PBXGroup;
			children = (
				F420176027697FCF0064FF86 /* WebView.swift */,
			);
			path = UIViewConversion;
			sourceTree = "<group>";
		};
		F452009F2766747D00E9D5EA /* Model */ = {
			isa = PBXGroup;
			children = (
				F45200A0276674A000E9D5EA /* RestaurantModel.swift */,
			);
			path = Model;
			sourceTree = "<group>";
		};
		F45200A42767A4E300E9D5EA /* Helper */ = {
			isa = PBXGroup;
			children = (
				F45200A52767A4F900E9D5EA /* UIScreenExtension.swift */,
				F4201762276982030064FF86 /* Constants.swift */,
			);
			path = Helper;
			sourceTree = "<group>";
		};
		F4598235271AAF4900BE591E /* JSON Parsing */ = {
			isa = PBXGroup;
			children = (
				F4B50020271815D4007F9DE0 /* LoadJSON.swift */,
			);
			path = "JSON Parsing";
			sourceTree = "<group>";
		};
		F4598236271AAF5600BE591E /* Data Structure */ = {
			isa = PBXGroup;
			children = (
				F4B4E0C7271F4A5D0057833D /* Restaurant.swift */,
				F4B4E0C5271F49140057833D /* Station.swift */,
				F4B4E0C3271F475D0057833D /* Category.swift */,
				F4B4E0C1271F462D0057833D /* Food.swift */,
			);
			path = "Data Structure";
			sourceTree = "<group>";
		};
		F4766FC52716A1FB00E3AD87 = {
			isa = PBXGroup;
			children = (
				F4766FD02716A1FB00E3AD87 /* ZotMeal */,
				F4766FCF2716A1FB00E3AD87 /* Products */,
			);
			sourceTree = "<group>";
		};
		F4766FCF2716A1FB00E3AD87 /* Products */ = {
			isa = PBXGroup;
			children = (
				F4766FCE2716A1FB00E3AD87 /* ZotMeal.app */,
			);
			name = Products;
			sourceTree = "<group>";
		};
		F4766FD02716A1FB00E3AD87 /* ZotMeal */ = {
			isa = PBXGroup;
			children = (
				F4766FD12716A1FB00E3AD87 /* ZotMeal_App.swift */,
				F41E2AD727281EB2004DF007 /* View */,
				F420175F27697FB70064FF86 /* UIViewConversion */,
				F452009F2766747D00E9D5EA /* Model */,
				F4598236271AAF5600BE591E /* Data Structure */,
				F45200A42767A4E300E9D5EA /* Helper */,
				F4598235271AAF4900BE591E /* JSON Parsing */,
				F4B5001D2717DC8C007F9DE0 /* Local JSON */,
				F4766FD52716A1FE00E3AD87 /* Assets.xcassets */,
				F4B5001C2717DC80007F9DE0 /* ZotMeal-Info.plist */,
				F4766FD72716A1FE00E3AD87 /* Preview Content */,
			);
			path = ZotMeal;
			sourceTree = "<group>";
		};
		F4766FD72716A1FE00E3AD87 /* Preview Content */ = {
			isa = PBXGroup;
			children = (
				F4766FD82716A1FE00E3AD87 /* Preview Assets.xcassets */,
			);
			path = "Preview Content";
			sourceTree = "<group>";
		};
		F4946B5A2769E3DD00D77292 /* FailView */ = {
			isa = PBXGroup;
			children = (
				F4946B5B2769E3EF00D77292 /* FailView.swift */,
			);
			path = FailView;
			sourceTree = "<group>";
		};
		F4B5001D2717DC8C007F9DE0 /* Local JSON */ = {
			isa = PBXGroup;
			children = (
				F4946B582769D4D500D77292 /* anteatery_dummy_data copy.json */,
				F4B5001E2717DC99007F9DE0 /* brandy_dummy_data.json */,
			);
			path = "Local JSON";
			sourceTree = "<group>";
		};
		F4BEBE3C276967610043C603 /* Buttons */ = {
			isa = PBXGroup;
			children = (
				F45200AD27682C0C00E9D5EA /* GenericButtonWithLabelView.swift */,
				F4BEBE38276958350043C603 /* GenericButtonWithoutLabel.swift */,
				F4BEBE34276929D90043C603 /* ExpandButtonView.swift */,
			);
			path = Buttons;
			sourceTree = "<group>";
		};
		F4BEBE3D276969000043C603 /* DetailedView */ = {
			isa = PBXGroup;
			children = (
				F4ABC335276976B9008A32ED /* DetailedStationView.swift */,
				F4ABC33327697455008A32ED /* DetailedCategoryView.swift */,
				F42D272327699B9200F139DB /* DetailedCategoryScrollableView.swift */,
				F4BEBE3627693D850043C603 /* DetailedFoodCell.swift */,
				F4BEBE3A276967550043C603 /* FoodSpecView.swift */,
			);
			path = DetailedView;
			sourceTree = "<group>";
		};
/* End PBXGroup section */

/* Begin PBXNativeTarget section */
		F4766FCD2716A1FB00E3AD87 /* ZotMeal */ = {
			isa = PBXNativeTarget;
			buildConfigurationList = F4766FDC2716A1FE00E3AD87 /* Build configuration list for PBXNativeTarget "ZotMeal" */;
			buildPhases = (
				F4766FCA2716A1FB00E3AD87 /* Sources */,
				F4766FCB2716A1FB00E3AD87 /* Frameworks */,
				F4766FCC2716A1FB00E3AD87 /* Resources */,
			);
			buildRules = (
			);
			dependencies = (
			);
			name = ZotMeal;
			productName = "ZotMeal 2";
			productReference = F4766FCE2716A1FB00E3AD87 /* ZotMeal.app */;
			productType = "com.apple.product-type.application";
		};
/* End PBXNativeTarget section */

/* Begin PBXProject section */
		F4766FC62716A1FB00E3AD87 /* Project object */ = {
			isa = PBXProject;
			attributes = {
				BuildIndependentTargetsInParallel = 1;
				LastSwiftUpdateCheck = 1300;
				LastUpgradeCheck = 1300;
				TargetAttributes = {
					F4766FCD2716A1FB00E3AD87 = {
						CreatedOnToolsVersion = 13.0;
					};
				};
			};
			buildConfigurationList = F4766FC92716A1FB00E3AD87 /* Build configuration list for PBXProject "ZotMeal" */;
			compatibilityVersion = "Xcode 13.0";
			developmentRegion = en;
			hasScannedForEncodings = 0;
			knownRegions = (
				en,
				Base,
			);
			mainGroup = F4766FC52716A1FB00E3AD87;
			productRefGroup = F4766FCF2716A1FB00E3AD87 /* Products */;
			projectDirPath = "";
			projectRoot = "";
			targets = (
				F4766FCD2716A1FB00E3AD87 /* ZotMeal */,
			);
		};
/* End PBXProject section */

/* Begin PBXResourcesBuildPhase section */
		F4766FCC2716A1FB00E3AD87 /* Resources */ = {
			isa = PBXResourcesBuildPhase;
			buildActionMask = 2147483647;
			files = (
				F4766FD92716A1FE00E3AD87 /* Preview Assets.xcassets in Resources */,
				F4766FD62716A1FE00E3AD87 /* Assets.xcassets in Resources */,
				F4946B592769D4D600D77292 /* anteatery_dummy_data copy.json in Resources */,
				F4B5001F2717DC99007F9DE0 /* brandy_dummy_data.json in Resources */,
			);
			runOnlyForDeploymentPostprocessing = 0;
		};
/* End PBXResourcesBuildPhase section */

/* Begin PBXSourcesBuildPhase section */
		F4766FCA2716A1FB00E3AD87 /* Sources */ = {
			isa = PBXSourcesBuildPhase;
			buildActionMask = 2147483647;
			files = (
				F4766FD42716A1FB00E3AD87 /* MainView.swift in Sources */,
				F45200AC27682B2900E9D5EA /* CategoryTitleView.swift in Sources */,
				F45200AA2767AF4F00E9D5EA /* SimpleFoodCell.swift in Sources */,
				F45200A327679CE000E9D5EA /* RestaurantBannerView.swift in Sources */,
				F45200B027683C8E00E9D5EA /* StationView.swift in Sources */,
				F4ABC336276976B9008A32ED /* DetailedStationView.swift in Sources */,
				F4201763276982030064FF86 /* Constants.swift in Sources */,
				F4B4E0C4271F475D0057833D /* Category.swift in Sources */,
				F45200A1276674A000E9D5EA /* RestaurantModel.swift in Sources */,
				F4BEBE39276958350043C603 /* GenericButtonWithoutLabel.swift in Sources */,
				F42D272427699B9200F139DB /* DetailedCategoryScrollableView.swift in Sources */,
				F45200AE27682C0C00E9D5EA /* GenericButtonWithLabelView.swift in Sources */,
				F4946B5C2769E3EF00D77292 /* FailView.swift in Sources */,
				F4BEBE35276929D90043C603 /* ExpandButtonView.swift in Sources */,
				F4B4E0C2271F462D0057833D /* Food.swift in Sources */,
				F4201765276985A20064FF86 /* WebSearchView.swift in Sources */,
				F45200A82767AF4100E9D5EA /* CategoryView.swift in Sources */,
				F4B4E0C8271F4A5D0057833D /* Restaurant.swift in Sources */,
				F4B50021271815D4007F9DE0 /* LoadJSON.swift in Sources */,
				F4ABC33427697455008A32ED /* DetailedCategoryView.swift in Sources */,
				F4B4E0C6271F49140057833D /* Station.swift in Sources */,
				F4766FD22716A1FB00E3AD87 /* ZotMeal_App.swift in Sources */,
				F4BEBE3B276967550043C603 /* FoodSpecView.swift in Sources */,
				F45200A62767A4F900E9D5EA /* UIScreenExtension.swift in Sources */,
				F4BEBE3727693D850043C603 /* DetailedFoodCell.swift in Sources */,
				F420176127697FCF0064FF86 /* WebView.swift in Sources */,
			);
			runOnlyForDeploymentPostprocessing = 0;
		};
/* End PBXSourcesBuildPhase section */

/* Begin XCBuildConfiguration section */
		F4766FDA2716A1FE00E3AD87 /* Debug */ = {
			isa = XCBuildConfiguration;
			buildSettings = {
				ALWAYS_SEARCH_USER_PATHS = NO;
				CLANG_ANALYZER_NONNULL = YES;
				CLANG_ANALYZER_NUMBER_OBJECT_CONVERSION = YES_AGGRESSIVE;
				CLANG_CXX_LANGUAGE_STANDARD = "gnu++17";
				CLANG_CXX_LIBRARY = "libc++";
				CLANG_ENABLE_MODULES = YES;
				CLANG_ENABLE_OBJC_ARC = YES;
				CLANG_ENABLE_OBJC_WEAK = YES;
				CLANG_WARN_BLOCK_CAPTURE_AUTORELEASING = YES;
				CLANG_WARN_BOOL_CONVERSION = YES;
				CLANG_WARN_COMMA = YES;
				CLANG_WARN_CONSTANT_CONVERSION = YES;
				CLANG_WARN_DEPRECATED_OBJC_IMPLEMENTATIONS = YES;
				CLANG_WARN_DIRECT_OBJC_ISA_USAGE = YES_ERROR;
				CLANG_WARN_DOCUMENTATION_COMMENTS = YES;
				CLANG_WARN_EMPTY_BODY = YES;
				CLANG_WARN_ENUM_CONVERSION = YES;
				CLANG_WARN_INFINITE_RECURSION = YES;
				CLANG_WARN_INT_CONVERSION = YES;
				CLANG_WARN_NON_LITERAL_NULL_CONVERSION = YES;
				CLANG_WARN_OBJC_IMPLICIT_RETAIN_SELF = YES;
				CLANG_WARN_OBJC_LITERAL_CONVERSION = YES;
				CLANG_WARN_OBJC_ROOT_CLASS = YES_ERROR;
				CLANG_WARN_QUOTED_INCLUDE_IN_FRAMEWORK_HEADER = YES;
				CLANG_WARN_RANGE_LOOP_ANALYSIS = YES;
				CLANG_WARN_STRICT_PROTOTYPES = YES;
				CLANG_WARN_SUSPICIOUS_MOVE = YES;
				CLANG_WARN_UNGUARDED_AVAILABILITY = YES_AGGRESSIVE;
				CLANG_WARN_UNREACHABLE_CODE = YES;
				CLANG_WARN__DUPLICATE_METHOD_MATCH = YES;
				COPY_PHASE_STRIP = NO;
				DEBUG_INFORMATION_FORMAT = dwarf;
				ENABLE_STRICT_OBJC_MSGSEND = YES;
				ENABLE_TESTABILITY = YES;
				GCC_C_LANGUAGE_STANDARD = gnu11;
				GCC_DYNAMIC_NO_PIC = NO;
				GCC_NO_COMMON_BLOCKS = YES;
				GCC_OPTIMIZATION_LEVEL = 0;
				GCC_PREPROCESSOR_DEFINITIONS = (
					"DEBUG=1",
					"$(inherited)",
				);
				GCC_WARN_64_TO_32_BIT_CONVERSION = YES;
				GCC_WARN_ABOUT_RETURN_TYPE = YES_ERROR;
				GCC_WARN_UNDECLARED_SELECTOR = YES;
				GCC_WARN_UNINITIALIZED_AUTOS = YES_AGGRESSIVE;
				GCC_WARN_UNUSED_FUNCTION = YES;
				GCC_WARN_UNUSED_VARIABLE = YES;
				IPHONEOS_DEPLOYMENT_TARGET = 14.0;
				MTL_ENABLE_DEBUG_INFO = INCLUDE_SOURCE;
				MTL_FAST_MATH = YES;
				ONLY_ACTIVE_ARCH = YES;
				SDKROOT = iphoneos;
				SWIFT_ACTIVE_COMPILATION_CONDITIONS = DEBUG;
				SWIFT_OPTIMIZATION_LEVEL = "-Onone";
			};
			name = Debug;
		};
		F4766FDB2716A1FE00E3AD87 /* Release */ = {
			isa = XCBuildConfiguration;
			buildSettings = {
				ALWAYS_SEARCH_USER_PATHS = NO;
				CLANG_ANALYZER_NONNULL = YES;
				CLANG_ANALYZER_NUMBER_OBJECT_CONVERSION = YES_AGGRESSIVE;
				CLANG_CXX_LANGUAGE_STANDARD = "gnu++17";
				CLANG_CXX_LIBRARY = "libc++";
				CLANG_ENABLE_MODULES = YES;
				CLANG_ENABLE_OBJC_ARC = YES;
				CLANG_ENABLE_OBJC_WEAK = YES;
				CLANG_WARN_BLOCK_CAPTURE_AUTORELEASING = YES;
				CLANG_WARN_BOOL_CONVERSION = YES;
				CLANG_WARN_COMMA = YES;
				CLANG_WARN_CONSTANT_CONVERSION = YES;
				CLANG_WARN_DEPRECATED_OBJC_IMPLEMENTATIONS = YES;
				CLANG_WARN_DIRECT_OBJC_ISA_USAGE = YES_ERROR;
				CLANG_WARN_DOCUMENTATION_COMMENTS = YES;
				CLANG_WARN_EMPTY_BODY = YES;
				CLANG_WARN_ENUM_CONVERSION = YES;
				CLANG_WARN_INFINITE_RECURSION = YES;
				CLANG_WARN_INT_CONVERSION = YES;
				CLANG_WARN_NON_LITERAL_NULL_CONVERSION = YES;
				CLANG_WARN_OBJC_IMPLICIT_RETAIN_SELF = YES;
				CLANG_WARN_OBJC_LITERAL_CONVERSION = YES;
				CLANG_WARN_OBJC_ROOT_CLASS = YES_ERROR;
				CLANG_WARN_QUOTED_INCLUDE_IN_FRAMEWORK_HEADER = YES;
				CLANG_WARN_RANGE_LOOP_ANALYSIS = YES;
				CLANG_WARN_STRICT_PROTOTYPES = YES;
				CLANG_WARN_SUSPICIOUS_MOVE = YES;
				CLANG_WARN_UNGUARDED_AVAILABILITY = YES_AGGRESSIVE;
				CLANG_WARN_UNREACHABLE_CODE = YES;
				CLANG_WARN__DUPLICATE_METHOD_MATCH = YES;
				COPY_PHASE_STRIP = NO;
				DEBUG_INFORMATION_FORMAT = "dwarf-with-dsym";
				ENABLE_NS_ASSERTIONS = NO;
				ENABLE_STRICT_OBJC_MSGSEND = YES;
				GCC_C_LANGUAGE_STANDARD = gnu11;
				GCC_NO_COMMON_BLOCKS = YES;
				GCC_WARN_64_TO_32_BIT_CONVERSION = YES;
				GCC_WARN_ABOUT_RETURN_TYPE = YES_ERROR;
				GCC_WARN_UNDECLARED_SELECTOR = YES;
				GCC_WARN_UNINITIALIZED_AUTOS = YES_AGGRESSIVE;
				GCC_WARN_UNUSED_FUNCTION = YES;
				GCC_WARN_UNUSED_VARIABLE = YES;
				IPHONEOS_DEPLOYMENT_TARGET = 14.0;
				MTL_ENABLE_DEBUG_INFO = NO;
				MTL_FAST_MATH = YES;
				SDKROOT = iphoneos;
				SWIFT_COMPILATION_MODE = wholemodule;
				SWIFT_OPTIMIZATION_LEVEL = "-O";
				VALIDATE_PRODUCT = YES;
			};
			name = Release;
		};
		F4766FDD2716A1FE00E3AD87 /* Debug */ = {
			isa = XCBuildConfiguration;
			buildSettings = {
				ASSETCATALOG_COMPILER_APPICON_NAME = AppIcon;
				ASSETCATALOG_COMPILER_GLOBAL_ACCENT_COLOR_NAME = AccentColor;
				CODE_SIGN_STYLE = Automatic;
				CURRENT_PROJECT_VERSION = 1;
				DEVELOPMENT_ASSET_PATHS = "\"ZotMeal/Preview Content\"";
				DEVELOPMENT_TEAM = WMFKF24VVS;
				ENABLE_PREVIEWS = YES;
				GENERATE_INFOPLIST_FILE = YES;
				INFOPLIST_FILE = "ZotMeal-Info.plist";
				INFOPLIST_KEY_CFBundleDisplayName = ZotMeal;
				INFOPLIST_KEY_UIApplicationSupportsIndirectInputEvents = YES;
				INFOPLIST_KEY_UILaunchScreen_Generation = YES;
				INFOPLIST_KEY_UIRequiresFullScreen = YES;
				INFOPLIST_KEY_UISupportedInterfaceOrientations_iPad = "UIInterfaceOrientationPortrait UIInterfaceOrientationPortraitUpsideDown UIInterfaceOrientationLandscapeLeft UIInterfaceOrientationLandscapeRight";
				INFOPLIST_KEY_UISupportedInterfaceOrientations_iPhone = "UIInterfaceOrientationPortrait UIInterfaceOrientationLandscapeLeft UIInterfaceOrientationLandscapeRight";
				IPHONEOS_DEPLOYMENT_TARGET = 14.0;
				LD_RUNPATH_SEARCH_PATHS = (
					"$(inherited)",
					"@executable_path/Frameworks",
				);
				MARKETING_VERSION = 1.0;
				PRODUCT_BUNDLE_IDENTIFIER = "com.shengyuan-lu.ZotMeal";
				PRODUCT_NAME = "$(TARGET_NAME)";
				SWIFT_EMIT_LOC_STRINGS = YES;
				SWIFT_VERSION = 5.0;
				TARGETED_DEVICE_FAMILY = 1;
			};
			name = Debug;
		};
		F4766FDE2716A1FE00E3AD87 /* Release */ = {
			isa = XCBuildConfiguration;
			buildSettings = {
				ASSETCATALOG_COMPILER_APPICON_NAME = AppIcon;
				ASSETCATALOG_COMPILER_GLOBAL_ACCENT_COLOR_NAME = AccentColor;
				CODE_SIGN_STYLE = Automatic;
				CURRENT_PROJECT_VERSION = 1;
				DEVELOPMENT_ASSET_PATHS = "\"ZotMeal/Preview Content\"";
				DEVELOPMENT_TEAM = WMFKF24VVS;
				ENABLE_PREVIEWS = YES;
				GENERATE_INFOPLIST_FILE = YES;
				INFOPLIST_FILE = "ZotMeal-Info.plist";
				INFOPLIST_KEY_CFBundleDisplayName = ZotMeal;
				INFOPLIST_KEY_UIApplicationSupportsIndirectInputEvents = YES;
				INFOPLIST_KEY_UILaunchScreen_Generation = YES;
				INFOPLIST_KEY_UIRequiresFullScreen = YES;
				INFOPLIST_KEY_UISupportedInterfaceOrientations_iPad = "UIInterfaceOrientationPortrait UIInterfaceOrientationPortraitUpsideDown UIInterfaceOrientationLandscapeLeft UIInterfaceOrientationLandscapeRight";
				INFOPLIST_KEY_UISupportedInterfaceOrientations_iPhone = "UIInterfaceOrientationPortrait UIInterfaceOrientationLandscapeLeft UIInterfaceOrientationLandscapeRight";
				IPHONEOS_DEPLOYMENT_TARGET = 14.0;
				LD_RUNPATH_SEARCH_PATHS = (
					"$(inherited)",
					"@executable_path/Frameworks",
				);
				MARKETING_VERSION = 1.0;
				PRODUCT_BUNDLE_IDENTIFIER = "com.shengyuan-lu.ZotMeal";
				PRODUCT_NAME = "$(TARGET_NAME)";
				SWIFT_EMIT_LOC_STRINGS = YES;
				SWIFT_VERSION = 5.0;
				TARGETED_DEVICE_FAMILY = 1;
			};
			name = Release;
		};
/* End XCBuildConfiguration section */

/* Begin XCConfigurationList section */
		F4766FC92716A1FB00E3AD87 /* Build configuration list for PBXProject "ZotMeal" */ = {
			isa = XCConfigurationList;
			buildConfigurations = (
				F4766FDA2716A1FE00E3AD87 /* Debug */,
				F4766FDB2716A1FE00E3AD87 /* Release */,
			);
			defaultConfigurationIsVisible = 0;
			defaultConfigurationName = Release;
		};
		F4766FDC2716A1FE00E3AD87 /* Build configuration list for PBXNativeTarget "ZotMeal" */ = {
			isa = XCConfigurationList;
			buildConfigurations = (
				F4766FDD2716A1FE00E3AD87 /* Debug */,
				F4766FDE2716A1FE00E3AD87 /* Release */,
			);
			defaultConfigurationIsVisible = 0;
			defaultConfigurationName = Release;
		};
/* End XCConfigurationList section */
	};
	rootObject = F4766FC62716A1FB00E3AD87 /* Project object */;
}
